
Microsoft Visual Studio Solution File, Format Version 12.00
# Visual Studio Version 16
VisualStudioVersion = 16.0.31019.35
MinimumVisualStudioVersion = 10.0.40219.1
Project("{FAE04EC0-301F-11D3-BF4B-00C04F79EFBC}") = "BaiTap2", "BaiTap2.csproj", "{8B426596-8DA2-44BB-B2D1-FCB1D9EEAD9B}"
EndProject
Global
	GlobalSection(SolutionConfigurationPlatforms) = preSolution
		Debug|Any CPU = Debug|Any CPU
		Release|Any CPU = Release|Any CPU
	EndGlobalSection
	GlobalSection(ProjectConfigurationPlatforms) = postSolution
		{8B426596-8DA2-44BB-B2D1-FCB1D9EEAD9B}.Debug|Any CPU.ActiveCfg = Debug|Any CPU
		{8B426596-8DA2-44BB-B2D1-FCB1D9EEAD9B}.Debug|Any CPU.Build.0 = Debug|Any CPU
		{8B426596-8DA2-44BB-B2D1-FCB1D9EEAD9B}.Release|Any CPU.ActiveCfg = Release|Any CPU
		{8B426596-8DA2-44BB-B2D1-FCB1D9EEAD9B}.Release|Any CPU.Build.0 = Release|Any CPU
	EndGlobalSection
	GlobalSection(SolutionProperties) = preSolution
		HideSolutionNode = FALSE
	EndGlobalSection
	GlobalSection(ExtensibilityGlobals) = postSolution
		SolutionGuid = {2E2B16FF-10B7-4394-95DF-D242F191CD68}
	EndGlobalSection
EndGlobal
